
Microsoft Visual Studio Solution File, Format Version 12.00
# Visual Studio Version 17
VisualStudioVersion = 17.14.36408.4 d17.14
MinimumVisualStudioVersion = 10.0.40219.1
Project("{FAE04EC0-301F-11D3-BF4B-00C04F79EFBC}") = "03_Captura2", "03_Captura2\03_Captura2.csproj", "{28E4D92B-85C1-4E2C-BA7D-1733DBCCBEE3}"
EndProject
Global
	GlobalSection(SolutionConfigurationPlatforms) = preSolution
		Debug|Any CPU = Debug|Any CPU
		Release|Any CPU = Release|Any CPU
	EndGlobalSection
	GlobalSection(ProjectConfigurationPlatforms) = postSolution
		{28E4D92B-85C1-4E2C-BA7D-1733DBCCBEE3}.Debug|Any CPU.ActiveCfg = Debug|Any CPU
		{28E4D92B-85C1-4E2C-BA7D-1733DBCCBEE3}.Debug|Any CPU.Build.0 = Debug|Any CPU
		{28E4D92B-85C1-4E2C-BA7D-1733DBCCBEE3}.Release|Any CPU.ActiveCfg = Release|Any CPU
		{28E4D92B-85C1-4E2C-BA7D-1733DBCCBEE3}.Release|Any CPU.Build.0 = Release|Any CPU
	EndGlobalSection
	GlobalSection(SolutionProperties) = preSolution
		HideSolutionNode = FALSE
	EndGlobalSection
	GlobalSection(ExtensibilityGlobals) = postSolution
		SolutionGuid = {C9EA5C30-3C70-4D60-B03C-FD87BC50273D}
	EndGlobalSection
EndGlobal
