
Microsoft Visual Studio Solution File, Format Version 12.00
# Visual Studio Version 17
VisualStudioVersion = 17.14.36616.10 d17.14
MinimumVisualStudioVersion = 10.0.40219.1
Project("{FAE04EC0-301F-11D3-BF4B-00C04F79EFBC}") = "24_while", "24_while\24_while.csproj", "{A5186C17-C11B-4326-AA68-80A280F7F9BF}"
EndProject
Global
	GlobalSection(SolutionConfigurationPlatforms) = preSolution
		Debug|Any CPU = Debug|Any CPU
		Release|Any CPU = Release|Any CPU
	EndGlobalSection
	GlobalSection(ProjectConfigurationPlatforms) = postSolution
		{A5186C17-C11B-4326-AA68-80A280F7F9BF}.Debug|Any CPU.ActiveCfg = Debug|Any CPU
		{A5186C17-C11B-4326-AA68-80A280F7F9BF}.Debug|Any CPU.Build.0 = Debug|Any CPU
		{A5186C17-C11B-4326-AA68-80A280F7F9BF}.Release|Any CPU.ActiveCfg = Release|Any CPU
		{A5186C17-C11B-4326-AA68-80A280F7F9BF}.Release|Any CPU.Build.0 = Release|Any CPU
	EndGlobalSection
	GlobalSection(SolutionProperties) = preSolution
		HideSolutionNode = FALSE
	EndGlobalSection
	GlobalSection(ExtensibilityGlobals) = postSolution
		SolutionGuid = {5FD18A6F-7ADB-4AEF-B7A7-6012AECCAB37}
	EndGlobalSection
EndGlobal
