
Microsoft Visual Studio Solution File, Format Version 12.00
# Visual Studio Version 17
VisualStudioVersion = 17.14.36705.20 d17.14
MinimumVisualStudioVersion = 10.0.40219.1
Project("{FAE04EC0-301F-11D3-BF4B-00C04F79EFBC}") = "49_gui6", "49_gui6\49_gui6.csproj", "{3ADFF7D9-E222-4D2D-8E53-7BCAB33E284F}"
EndProject
Global
	GlobalSection(SolutionConfigurationPlatforms) = preSolution
		Debug|Any CPU = Debug|Any CPU
		Release|Any CPU = Release|Any CPU
	EndGlobalSection
	GlobalSection(ProjectConfigurationPlatforms) = postSolution
		{3ADFF7D9-E222-4D2D-8E53-7BCAB33E284F}.Debug|Any CPU.ActiveCfg = Debug|Any CPU
		{3ADFF7D9-E222-4D2D-8E53-7BCAB33E284F}.Debug|Any CPU.Build.0 = Debug|Any CPU
		{3ADFF7D9-E222-4D2D-8E53-7BCAB33E284F}.Release|Any CPU.ActiveCfg = Release|Any CPU
		{3ADFF7D9-E222-4D2D-8E53-7BCAB33E284F}.Release|Any CPU.Build.0 = Release|Any CPU
	EndGlobalSection
	GlobalSection(SolutionProperties) = preSolution
		HideSolutionNode = FALSE
	EndGlobalSection
	GlobalSection(ExtensibilityGlobals) = postSolution
		SolutionGuid = {3869FADC-088E-493C-8150-40BFC98267D3}
	EndGlobalSection
EndGlobal
