
Microsoft Visual Studio Solution File, Format Version 12.00
# Visual Studio Version 17
VisualStudioVersion = 17.14.36616.10 d17.14
MinimumVisualStudioVersion = 10.0.40219.1
Project("{FAE04EC0-301F-11D3-BF4B-00C04F79EFBC}") = "39_String07", "39_String07\39_String07.csproj", "{83831E18-8D1A-4718-A8FF-97165193A0BC}"
EndProject
Global
	GlobalSection(SolutionConfigurationPlatforms) = preSolution
		Debug|Any CPU = Debug|Any CPU
		Release|Any CPU = Release|Any CPU
	EndGlobalSection
	GlobalSection(ProjectConfigurationPlatforms) = postSolution
		{83831E18-8D1A-4718-A8FF-97165193A0BC}.Debug|Any CPU.ActiveCfg = Debug|Any CPU
		{83831E18-8D1A-4718-A8FF-97165193A0BC}.Debug|Any CPU.Build.0 = Debug|Any CPU
		{83831E18-8D1A-4718-A8FF-97165193A0BC}.Release|Any CPU.ActiveCfg = Release|Any CPU
		{83831E18-8D1A-4718-A8FF-97165193A0BC}.Release|Any CPU.Build.0 = Release|Any CPU
	EndGlobalSection
	GlobalSection(SolutionProperties) = preSolution
		HideSolutionNode = FALSE
	EndGlobalSection
	GlobalSection(ExtensibilityGlobals) = postSolution
		SolutionGuid = {165CB2B4-9192-4527-8141-F4B1A35CF9F3}
	EndGlobalSection
EndGlobal
