
Microsoft Visual Studio Solution File, Format Version 12.00
# Visual Studio Version 17
VisualStudioVersion = 17.14.36616.10 d17.14
MinimumVisualStudioVersion = 10.0.40219.1
Project("{FAE04EC0-301F-11D3-BF4B-00C04F79EFBC}") = "25_menu", "25_menu\25_menu.csproj", "{99A5DAEB-DA2C-46CF-A191-350F12DBA554}"
EndProject
Global
	GlobalSection(SolutionConfigurationPlatforms) = preSolution
		Debug|Any CPU = Debug|Any CPU
		Release|Any CPU = Release|Any CPU
	EndGlobalSection
	GlobalSection(ProjectConfigurationPlatforms) = postSolution
		{99A5DAEB-DA2C-46CF-A191-350F12DBA554}.Debug|Any CPU.ActiveCfg = Debug|Any CPU
		{99A5DAEB-DA2C-46CF-A191-350F12DBA554}.Debug|Any CPU.Build.0 = Debug|Any CPU
		{99A5DAEB-DA2C-46CF-A191-350F12DBA554}.Release|Any CPU.ActiveCfg = Release|Any CPU
		{99A5DAEB-DA2C-46CF-A191-350F12DBA554}.Release|Any CPU.Build.0 = Release|Any CPU
	EndGlobalSection
	GlobalSection(SolutionProperties) = preSolution
		HideSolutionNode = FALSE
	EndGlobalSection
	GlobalSection(ExtensibilityGlobals) = postSolution
		SolutionGuid = {149B3938-F716-456C-B5DA-770DC1D7103B}
	EndGlobalSection
EndGlobal
