
Microsoft Visual Studio Solution File, Format Version 12.00
# Visual Studio Version 17
VisualStudioVersion = 17.14.36408.4 d17.14
MinimumVisualStudioVersion = 10.0.40219.1
Project("{FAE04EC0-301F-11D3-BF4B-00C04F79EFBC}") = "05_Captura4", "05_Captura4\05_Captura4.csproj", "{B27C4189-73D1-4606-B175-9131FF188E60}"
EndProject
Global
	GlobalSection(SolutionConfigurationPlatforms) = preSolution
		Debug|Any CPU = Debug|Any CPU
		Release|Any CPU = Release|Any CPU
	EndGlobalSection
	GlobalSection(ProjectConfigurationPlatforms) = postSolution
		{B27C4189-73D1-4606-B175-9131FF188E60}.Debug|Any CPU.ActiveCfg = Debug|Any CPU
		{B27C4189-73D1-4606-B175-9131FF188E60}.Debug|Any CPU.Build.0 = Debug|Any CPU
		{B27C4189-73D1-4606-B175-9131FF188E60}.Release|Any CPU.ActiveCfg = Release|Any CPU
		{B27C4189-73D1-4606-B175-9131FF188E60}.Release|Any CPU.Build.0 = Release|Any CPU
	EndGlobalSection
	GlobalSection(SolutionProperties) = preSolution
		HideSolutionNode = FALSE
	EndGlobalSection
	GlobalSection(ExtensibilityGlobals) = postSolution
		SolutionGuid = {8B71BEBE-3378-4619-B442-CF277F4536BB}
	EndGlobalSection
EndGlobal
