
Microsoft Visual Studio Solution File, Format Version 12.00
# Visual Studio Version 17
VisualStudioVersion = 17.14.36408.4 d17.14
MinimumVisualStudioVersion = 10.0.40219.1
Project("{FAE04EC0-301F-11D3-BF4B-00C04F79EFBC}") = "17_random_switch", "17_random_switch\17_random_switch.csproj", "{18748995-6AFE-4081-B2C2-2EFCE7755F64}"
EndProject
Global
	GlobalSection(SolutionConfigurationPlatforms) = preSolution
		Debug|Any CPU = Debug|Any CPU
		Release|Any CPU = Release|Any CPU
	EndGlobalSection
	GlobalSection(ProjectConfigurationPlatforms) = postSolution
		{18748995-6AFE-4081-B2C2-2EFCE7755F64}.Debug|Any CPU.ActiveCfg = Debug|Any CPU
		{18748995-6AFE-4081-B2C2-2EFCE7755F64}.Debug|Any CPU.Build.0 = Debug|Any CPU
		{18748995-6AFE-4081-B2C2-2EFCE7755F64}.Release|Any CPU.ActiveCfg = Release|Any CPU
		{18748995-6AFE-4081-B2C2-2EFCE7755F64}.Release|Any CPU.Build.0 = Release|Any CPU
	EndGlobalSection
	GlobalSection(SolutionProperties) = preSolution
		HideSolutionNode = FALSE
	EndGlobalSection
	GlobalSection(ExtensibilityGlobals) = postSolution
		SolutionGuid = {0FA25995-4FB6-443E-A637-072F567B7ED1}
	EndGlobalSection
EndGlobal
