
Microsoft Visual Studio Solution File, Format Version 12.00
# Visual Studio Version 17
VisualStudioVersion = 17.14.36408.4 d17.14
MinimumVisualStudioVersion = 10.0.40219.1
Project("{FAE04EC0-301F-11D3-BF4B-00C04F79EFBC}") = "03_CuentaAhorro", "03_CuentaAhorro\03_CuentaAhorro.csproj", "{86F1AE4A-1B56-471E-B3D1-4AB04AAB439E}"
EndProject
Global
	GlobalSection(SolutionConfigurationPlatforms) = preSolution
		Debug|Any CPU = Debug|Any CPU
		Release|Any CPU = Release|Any CPU
	EndGlobalSection
	GlobalSection(ProjectConfigurationPlatforms) = postSolution
		{86F1AE4A-1B56-471E-B3D1-4AB04AAB439E}.Debug|Any CPU.ActiveCfg = Debug|Any CPU
		{86F1AE4A-1B56-471E-B3D1-4AB04AAB439E}.Debug|Any CPU.Build.0 = Debug|Any CPU
		{86F1AE4A-1B56-471E-B3D1-4AB04AAB439E}.Release|Any CPU.ActiveCfg = Release|Any CPU
		{86F1AE4A-1B56-471E-B3D1-4AB04AAB439E}.Release|Any CPU.Build.0 = Release|Any CPU
	EndGlobalSection
	GlobalSection(SolutionProperties) = preSolution
		HideSolutionNode = FALSE
	EndGlobalSection
	GlobalSection(ExtensibilityGlobals) = postSolution
		SolutionGuid = {E4B8E407-A3DB-45D6-ABD0-C1487F024F5E}
	EndGlobalSection
EndGlobal
