
Microsoft Visual Studio Solution File, Format Version 12.00
# Visual Studio Version 17
VisualStudioVersion = 17.14.36408.4 d17.14
MinimumVisualStudioVersion = 10.0.40219.1
Project("{FAE04EC0-301F-11D3-BF4B-00C04F79EFBC}") = "11_if_and", "11_if_and\11_if_and.csproj", "{72A148CD-6B3F-446A-919C-24A5E0950808}"
EndProject
Global
	GlobalSection(SolutionConfigurationPlatforms) = preSolution
		Debug|Any CPU = Debug|Any CPU
		Release|Any CPU = Release|Any CPU
	EndGlobalSection
	GlobalSection(ProjectConfigurationPlatforms) = postSolution
		{72A148CD-6B3F-446A-919C-24A5E0950808}.Debug|Any CPU.ActiveCfg = Debug|Any CPU
		{72A148CD-6B3F-446A-919C-24A5E0950808}.Debug|Any CPU.Build.0 = Debug|Any CPU
		{72A148CD-6B3F-446A-919C-24A5E0950808}.Release|Any CPU.ActiveCfg = Release|Any CPU
		{72A148CD-6B3F-446A-919C-24A5E0950808}.Release|Any CPU.Build.0 = Release|Any CPU
	EndGlobalSection
	GlobalSection(SolutionProperties) = preSolution
		HideSolutionNode = FALSE
	EndGlobalSection
	GlobalSection(ExtensibilityGlobals) = postSolution
		SolutionGuid = {2E836442-BF50-48AD-AC0E-02F0D24E7A98}
	EndGlobalSection
EndGlobal
