
Microsoft Visual Studio Solution File, Format Version 12.00
# Visual Studio Version 17
VisualStudioVersion = 17.14.36408.4 d17.14
MinimumVisualStudioVersion = 10.0.40219.1
Project("{FAE04EC0-301F-11D3-BF4B-00C04F79EFBC}") = "04_Captura3", "04_Captura3\04_Captura3.csproj", "{9EA5CD2C-B1C4-41EA-B6D7-FDF02BE5528B}"
EndProject
Global
	GlobalSection(SolutionConfigurationPlatforms) = preSolution
		Debug|Any CPU = Debug|Any CPU
		Release|Any CPU = Release|Any CPU
	EndGlobalSection
	GlobalSection(ProjectConfigurationPlatforms) = postSolution
		{9EA5CD2C-B1C4-41EA-B6D7-FDF02BE5528B}.Debug|Any CPU.ActiveCfg = Debug|Any CPU
		{9EA5CD2C-B1C4-41EA-B6D7-FDF02BE5528B}.Debug|Any CPU.Build.0 = Debug|Any CPU
		{9EA5CD2C-B1C4-41EA-B6D7-FDF02BE5528B}.Release|Any CPU.ActiveCfg = Release|Any CPU
		{9EA5CD2C-B1C4-41EA-B6D7-FDF02BE5528B}.Release|Any CPU.Build.0 = Release|Any CPU
	EndGlobalSection
	GlobalSection(SolutionProperties) = preSolution
		HideSolutionNode = FALSE
	EndGlobalSection
	GlobalSection(ExtensibilityGlobals) = postSolution
		SolutionGuid = {B493AD82-0E71-49C9-A807-B27BCFFB0CCE}
	EndGlobalSection
EndGlobal
