
Microsoft Visual Studio Solution File, Format Version 12.00
# Visual Studio Version 17
VisualStudioVersion = 17.14.36616.10 d17.14
MinimumVisualStudioVersion = 10.0.40219.1
Project("{FAE04EC0-301F-11D3-BF4B-00C04F79EFBC}") = "42_String10", "42_String10\42_String10.csproj", "{53E8B138-F7D8-4DBA-A070-2EEEF2562A90}"
EndProject
Global
	GlobalSection(SolutionConfigurationPlatforms) = preSolution
		Debug|Any CPU = Debug|Any CPU
		Release|Any CPU = Release|Any CPU
	EndGlobalSection
	GlobalSection(ProjectConfigurationPlatforms) = postSolution
		{53E8B138-F7D8-4DBA-A070-2EEEF2562A90}.Debug|Any CPU.ActiveCfg = Debug|Any CPU
		{53E8B138-F7D8-4DBA-A070-2EEEF2562A90}.Debug|Any CPU.Build.0 = Debug|Any CPU
		{53E8B138-F7D8-4DBA-A070-2EEEF2562A90}.Release|Any CPU.ActiveCfg = Release|Any CPU
		{53E8B138-F7D8-4DBA-A070-2EEEF2562A90}.Release|Any CPU.Build.0 = Release|Any CPU
	EndGlobalSection
	GlobalSection(SolutionProperties) = preSolution
		HideSolutionNode = FALSE
	EndGlobalSection
	GlobalSection(ExtensibilityGlobals) = postSolution
		SolutionGuid = {2E6FBBA1-A62C-453F-9ABF-42BE498F2F14}
	EndGlobalSection
EndGlobal
